version = 1
revision = 3
requires-python = ">=3.12"

[[package]]
name = "bestandslistenabgleich"
version = "0.1.5"
source = { virtual = "." }
dependencies = [
    { name = "isbnlib" },
    { name = "rapidfuzz" },
]

[package.metadata]
requires-dist = [
    { name = "isbnlib", specifier = ">=3.10" },
    { name = "rapidfuzz", specifier = ">=3.14" },
]

[[package]]
name = "isbnlib"
version = "3.10.14"
source = { registry = "https://pypi.org/simple" }
sdist = { url = "https://files.pythonhosted.org/packages/9e/6d/55b9ee89fdfb3aacb92b975a60357c7aa547db358817e16be3b6f8f5d781/isbnlib-3.10.14.tar.gz", hash = "sha256:96f90864c77b01f55fa11e5bfca9fd909501d9842f3bc710d4eab85195d90539", size = 48046, upload-time = "2023-04-26T08:53:05.486Z" }
wheels = [
    { url = "https://files.pythonhosted.org/packages/dd/ce/1eb1e2afaca49add3185e202ce9c2c6d5779b7eecb20973e43ad804eb2a4/isbnlib-3.10.14-py2.py3-none-any.whl", hash = "sha256:f885b350fc8e600a919ed46e3b07253062cd604af69885455a25a299217b3fe2", size = 52535, upload-time = "2023-04-26T08:53:03.024Z" },
]

[[package]]
name = "rapidfuzz"
version = "3.14.0"
source = { registry = "https://pypi.org/simple" }
sdist = { url = "https://files.pythonhosted.org/packages/d4/11/0de727b336f28e25101d923c9feeeb64adcf231607fe7e1b083795fa149a/rapidfuzz-3.14.0.tar.gz", hash = "sha256:672b6ba06150e53d7baf4e3d5f12ffe8c213d5088239a15b5ae586ab245ac8b2", size = 58073448, upload-time = "2025-08-27T13:41:31.541Z" }
wheels = [
    { url = "https://files.pythonhosted.org/packages/fa/ca/80c1d697fe42d0caea8d08b0f323b2a4c65a9d057d4d33fe139fd0f1b7d0/rapidfuzz-3.14.0-cp312-cp312-macosx_10_13_x86_64.whl", hash = "sha256:93c8739f7bf7931d690aeb527c27e2a61fd578f076d542ddd37e29fa535546b6", size = 2000791, upload-time = "2025-08-27T13:39:28.375Z" },
    { url = "https://files.pythonhosted.org/packages/01/01/e980b8d2e85efb4ff1fca26c590d645186a70e51abd4323f29582d41ba9b/rapidfuzz-3.14.0-cp312-cp312-macosx_11_0_arm64.whl", hash = "sha256:7596e95ab03da6cff70f4ec9a5298b2802e8bdd443159d18180b186c80df1416", size = 1455837, upload-time = "2025-08-27T13:39:29.987Z" },
    { url = "https://files.pythonhosted.org/packages/03/35/3433345c659a4c6cf93b66963ef5ec2d5088d230cbca9f035a3e30d13e70/rapidfuzz-3.14.0-cp312-cp312-manylinux_2_26_aarch64.manylinux_2_28_aarch64.whl", hash = "sha256:8cdd49e097ced3746eadb5fb87379f377c0b093f9aba1133ae4f311b574e2ed8", size = 1457107, upload-time = "2025-08-27T13:39:31.991Z" },
    { url = "https://files.pythonhosted.org/packages/2b/27/ac98741cd2696330feb462a37cc9b945cb333a1b39f90216fe1af0568cd6/rapidfuzz-3.14.0-cp312-cp312-manylinux_2_26_ppc64le.manylinux_2_28_ppc64le.whl", hash = "sha256:f4cd4898f21686bb141e151ba920bcd1744cab339277f484c0f97fe7de2c45c8", size = 1767664, upload-time = "2025-08-27T13:39:33.604Z" },
    { url = "https://files.pythonhosted.org/packages/db/1c/1495395016c05fc5d6d0d2622c4854eab160812c4dbc60f5e076116921cf/rapidfuzz-3.14.0-cp312-cp312-manylinux_2_26_s390x.manylinux_2_28_s390x.whl", hash = "sha256:83427518ad72050add47e2cf581080bde81df7f69882e508da3e08faad166b1f", size = 2329980, upload-time = "2025-08-27T13:39:35.204Z" },
    { url = "https://files.pythonhosted.org/packages/9c/e6/587fe4d88eab2a4ea8660744bfebfd0a0d100e7d26fd3fde5062f02ccf84/rapidfuzz-3.14.0-cp312-cp312-manylinux_2_27_x86_64.manylinux_2_28_x86_64.whl", hash = "sha256:05435b4f2472cbf7aac8b837e2e84a165e595c60d79da851da7cfa85ed15895d", size = 3271666, upload-time = "2025-08-27T13:39:36.973Z" },
    { url = "https://files.pythonhosted.org/packages/b4/8e/9928afd7a4727c173de615a4b26e70814ccd9407d87c3c233a01a1b4fc9c/rapidfuzz-3.14.0-cp312-cp312-manylinux_2_31_armv7l.whl", hash = "sha256:2dae744c1cdb8b1411ed511a719b505a0348da1970a652bfc735598e68779287", size = 1307744, upload-time = "2025-08-27T13:39:38.825Z" },
    { url = "https://files.pythonhosted.org/packages/e5/5c/03d95b1dc5916e43f505d8bd8da37788b972ccabf14bf3ee0e143b7151d4/rapidfuzz-3.14.0-cp312-cp312-musllinux_1_2_aarch64.whl", hash = "sha256:9ca05daaca07232037014fc6ce2c2ef0a05c69712f6a5e77da6da5209fb04d7c", size = 2477512, upload-time = "2025-08-27T13:39:40.881Z" },
    { url = "https://files.pythonhosted.org/packages/96/30/a1da6a124e10fd201a75e68ebf0bdedcf47a3878910c2e05deebf08e9e40/rapidfuzz-3.14.0-cp312-cp312-musllinux_1_2_armv7l.whl", hash = "sha256:2227f4b3742295f380adefef7b6338c30434f8a8e18a11895a1a7c9308b6635d", size = 2613793, upload-time = "2025-08-27T13:39:42.62Z" },
    { url = "https://files.pythonhosted.org/packages/76/56/4776943e4b4130e58ebaf2dbea3ce9f4cb3c6c6a5640dcacb0e84e926190/rapidfuzz-3.14.0-cp312-cp312-musllinux_1_2_ppc64le.whl", hash = "sha256:847ea42b5a6077bc796e1b99cd357a641207b20e3573917b0469b28b5a22238a", size = 2880096, upload-time = "2025-08-27T13:39:44.394Z" },
    { url = "https://files.pythonhosted.org/packages/60/cc/25d7faa947d159935cfb0cfc270620f250f033338055702d7e8cc1885e00/rapidfuzz-3.14.0-cp312-cp312-musllinux_1_2_s390x.whl", hash = "sha256:539506f13cf0dd6ef2f846571f8e116dba32a468e52d05a91161785ab7de2ed1", size = 3413927, upload-time = "2025-08-27T13:39:46.142Z" },
    { url = "https://files.pythonhosted.org/packages/2c/39/3090aeb1ca57a71715f5590a890e45097dbc4862f2c0a5a756e022d0f006/rapidfuzz-3.14.0-cp312-cp312-musllinux_1_2_x86_64.whl", hash = "sha256:03c4b4d4f45f846e4eae052ee18d39d6afe659d74f6d99df5a0d2c5d53930505", size = 4387126, upload-time = "2025-08-27T13:39:48.217Z" },
    { url = "https://files.pythonhosted.org/packages/d8/9b/1dd7bd2824ac7c7daeb6b79c5cf7504c5d2a31b564649457061cc3f8ce9a/rapidfuzz-3.14.0-cp312-cp312-win32.whl", hash = "sha256:aff0baa3980a8aeb2ce5e15930140146b5fe3fb2d63c8dc4cb08dfbd2051ceb2", size = 1804449, upload-time = "2025-08-27T13:39:49.971Z" },
    { url = "https://files.pythonhosted.org/packages/31/32/43074dade26b9a82c5d05262b9179b25ec5d665f18c54f66b64b00791fb4/rapidfuzz-3.14.0-cp312-cp312-win_amd64.whl", hash = "sha256:d1eef7f0694fe4cf991f61adaa040955da1e0072c8c41d7db5eb60e83da9e61b", size = 1656931, upload-time = "2025-08-27T13:39:52.195Z" },
    { url = "https://files.pythonhosted.org/packages/ce/82/c78f0ab282acefab5a55cbbc7741165cad787fce7fbeb0bb5b3903d06749/rapidfuzz-3.14.0-cp312-cp312-win_arm64.whl", hash = "sha256:269d8d1fe5830eef46a165a5c6dd240a05ad44c281a77957461b79cede1ece0f", size = 878656, upload-time = "2025-08-27T13:39:53.816Z" },
    { url = "https://files.pythonhosted.org/packages/04/b1/e6875e32209b28a581d3b8ec1ffded8f674de4a27f4540ec312d0ecf4b83/rapidfuzz-3.14.0-cp313-cp313-macosx_10_13_x86_64.whl", hash = "sha256:5cf3828b8cbac02686e1d5c499c58e43c5f613ad936fe19a2d092e53f3308ccd", size = 2015663, upload-time = "2025-08-27T13:39:55.815Z" },
    { url = "https://files.pythonhosted.org/packages/f1/c7/702472c4f3c4e5f9985bb5143405a5c4aadf3b439193f4174944880c50a3/rapidfuzz-3.14.0-cp313-cp313-macosx_11_0_arm64.whl", hash = "sha256:68c3931c19c51c11654cf75f663f34c0c7ea04c456c84ccebfd52b2047121dba", size = 1472180, upload-time = "2025-08-27T13:39:57.663Z" },
    { url = "https://files.pythonhosted.org/packages/49/e1/c22fc941b8e506db9a6f051298e17edbae76e1be63e258e51f13791d5eb2/rapidfuzz-3.14.0-cp313-cp313-manylinux_2_26_aarch64.manylinux_2_28_aarch64.whl", hash = "sha256:9b4232168959af46f2c0770769e7986ff6084d97bc4b6b2b16b2bfa34164421b", size = 1461676, upload-time = "2025-08-27T13:39:59.409Z" },
    { url = "https://files.pythonhosted.org/packages/97/4c/9dd58e4b4d2b1b7497c35c5280b4fa064bd6e6e3ed5fcf67513faaa2d4f4/rapidfuzz-3.14.0-cp313-cp313-manylinux_2_26_ppc64le.manylinux_2_28_ppc64le.whl", hash = "sha256:174c784cecfafe22d783b5124ebffa2e02cc01e49ffe60a28ad86d217977f478", size = 1774563, upload-time = "2025-08-27T13:40:01.284Z" },
    { url = "https://files.pythonhosted.org/packages/96/8f/89a39ab5fbd971e6a25431edbbf66e255d271a0b67aadc340b8e8bf573e7/rapidfuzz-3.14.0-cp313-cp313-manylinux_2_26_s390x.manylinux_2_28_s390x.whl", hash = "sha256:0b2dedf216f43a50f227eee841ef0480e29e26b2ce2d7ee680b28354ede18627", size = 2332659, upload-time = "2025-08-27T13:40:03.04Z" },
    { url = "https://files.pythonhosted.org/packages/34/b0/f30f9bae81a472182787641c9c2430da79431c260f7620899a105ee959d0/rapidfuzz-3.14.0-cp313-cp313-manylinux_2_27_x86_64.manylinux_2_28_x86_64.whl", hash = "sha256:5698239eecf5b759630450ef59521ad3637e5bd4afc2b124ae8af2ff73309c41", size = 3289626, upload-time = "2025-08-27T13:40:04.77Z" },
    { url = "https://files.pythonhosted.org/packages/d2/b9/c9eb0bfb62972123a23b31811d4d345e8dd46cb3083d131dd3c1c97b70af/rapidfuzz-3.14.0-cp313-cp313-manylinux_2_31_armv7l.whl", hash = "sha256:0acc9553fc26f1c291c381a6aa8d3c5625be23b5721f139528af40cc4119ae1d", size = 1324164, upload-time = "2025-08-27T13:40:06.642Z" },
    { url = "https://files.pythonhosted.org/packages/7f/a1/91bf79a76626bd0dae694ad9c57afdad2ca275f9808f69e570be39a99e71/rapidfuzz-3.14.0-cp313-cp313-musllinux_1_2_aarch64.whl", hash = "sha256:00141dfd3b8c9ae15fbb5fbd191a08bde63cdfb1f63095d8f5faf1698e30da93", size = 2480695, upload-time = "2025-08-27T13:40:08.459Z" },
    { url = "https://files.pythonhosted.org/packages/2f/6a/bfab3575842d8ccc406c3fa8c618b476363e4218a0d01394543c741ef1bd/rapidfuzz-3.14.0-cp313-cp313-musllinux_1_2_armv7l.whl", hash = "sha256:67f725c3f5713da6e0750dc23f65f0f822c6937c25e3fc9ee797aa6783bef8c1", size = 2628236, upload-time = "2025-08-27T13:40:10.27Z" },
    { url = "https://files.pythonhosted.org/packages/5d/10/e7e99ca1a6546645aa21d1b426f728edbfb7a3abcb1a7b7642353b79ae57/rapidfuzz-3.14.0-cp313-cp313-musllinux_1_2_ppc64le.whl", hash = "sha256:ba351cf2678d40a23fb4cbfe82cc45ea338a57518dca62a823c5b6381aa20c68", size = 2893483, upload-time = "2025-08-27T13:40:12.079Z" },
    { url = "https://files.pythonhosted.org/packages/00/11/fb46a86659e2bb304764478a28810f36bb56f794087f34a5bd1b81dd0be5/rapidfuzz-3.14.0-cp313-cp313-musllinux_1_2_s390x.whl", hash = "sha256:558323dcd5fb38737226be84c78cafbe427706e47379f02c57c3e35ac3745061", size = 3411761, upload-time = "2025-08-27T13:40:14.051Z" },
    { url = "https://files.pythonhosted.org/packages/fc/76/89eabf1e7523f6dc996ea6b2bfcfd22565cdfa830c7c3af0ebc5b17e9ce7/rapidfuzz-3.14.0-cp313-cp313-musllinux_1_2_x86_64.whl", hash = "sha256:cb4e4ea174add5183c707d890a816a85e9330f93e5ded139dab182adc727930c", size = 4404126, upload-time = "2025-08-27T13:40:16.39Z" },
    { url = "https://files.pythonhosted.org/packages/c8/6c/ddc7ee86d392908efdf95a1242b87b94523f6feaa368b7a24efa39ecd9d9/rapidfuzz-3.14.0-cp313-cp313-win32.whl", hash = "sha256:ec379e1b407935d729c08da9641cfc5dfb2a7796f74cdd82158ce5986bb8ff88", size = 1828545, upload-time = "2025-08-27T13:40:19.069Z" },
    { url = "https://files.pythonhosted.org/packages/95/47/2a271455b602eef360cd5cc716d370d7ab47b9d57f00263821a217fd30f4/rapidfuzz-3.14.0-cp313-cp313-win_amd64.whl", hash = "sha256:4b59ba48a909bdf7ec5dad6e3a5a0004aeec141ae5ddb205d0c5bd4389894cf9", size = 1658600, upload-time = "2025-08-27T13:40:21.278Z" },
    { url = "https://files.pythonhosted.org/packages/86/47/5acb5d160a091c3175c6f5e3f227ccdf03b201b05ceaad2b8b7f5009ebe9/rapidfuzz-3.14.0-cp313-cp313-win_arm64.whl", hash = "sha256:e688b0a98edea42da450fa6ba41736203ead652a78b558839916c10df855f545", size = 885686, upload-time = "2025-08-27T13:40:23.254Z" },
    { url = "https://files.pythonhosted.org/packages/dc/f2/203c44a06dfefbb580ad7b743333880d600d7bdff693af9d290bd2b09742/rapidfuzz-3.14.0-cp313-cp313t-macosx_10_13_x86_64.whl", hash = "sha256:cb6c5a46444a2787e466acd77e162049f061304025ab24da02b59caedea66064", size = 2041214, upload-time = "2025-08-27T13:40:25.051Z" },
    { url = "https://files.pythonhosted.org/packages/ec/db/6571a5bbba38255ede8098b3b45c007242788e5a5c3cdbe7f6f03dd6daed/rapidfuzz-3.14.0-cp313-cp313t-macosx_11_0_arm64.whl", hash = "sha256:99ed7a9e9ff798157caf3c3d96ca7da6560878902d8f70fa7731acc94e0d293c", size = 1501621, upload-time = "2025-08-27T13:40:26.881Z" },
    { url = "https://files.pythonhosted.org/packages/0b/85/efbae42fe8ca2bdb967751da1df2e3ebb5be9ea68f22f980731e5c18ce25/rapidfuzz-3.14.0-cp313-cp313t-win32.whl", hash = "sha256:c8e954dd59291ff0cd51b9c0f425e5dc84731bb006dbd5b7846746fe873a0452", size = 1887956, upload-time = "2025-08-27T13:40:29.143Z" },
    { url = "https://files.pythonhosted.org/packages/c8/60/2bb44b5ecb7151093ed7e2020156f260bdd9a221837f57a0bc5938b2b6d1/rapidfuzz-3.14.0-cp313-cp313t-win_amd64.whl", hash = "sha256:5754e3ca259667c46a2b58ca7d7568251d6e23d2f0e354ac1cc5564557f4a32d", size = 1702542, upload-time = "2025-08-27T13:40:31.103Z" },
    { url = "https://files.pythonhosted.org/packages/6f/b7/688e9ab091545ff8eed564994a01309d8a52718211f27af94743d55b3c80/rapidfuzz-3.14.0-cp313-cp313t-win_arm64.whl", hash = "sha256:558865f6825d27006e6ae2e1635cfe236d736c8f2c5c82db6db4b1b6df4478bc", size = 912891, upload-time = "2025-08-27T13:40:33.263Z" },
    { url = "https://files.pythonhosted.org/packages/a5/12/9c29b975f742db04da5017640dbc2dcfaaf0d6336598071cd2ca8b0dc783/rapidfuzz-3.14.0-cp314-cp314-macosx_10_13_x86_64.whl", hash = "sha256:3cc4bd8de6643258c5899f21414f9d45d7589d158eee8d438ea069ead624823b", size = 2015534, upload-time = "2025-08-27T13:40:35.1Z" },
    { url = "https://files.pythonhosted.org/packages/6a/09/ff3a79a6d5f532e7f30569ded892e28c462c0808f01b155509adbcc001e7/rapidfuzz-3.14.0-cp314-cp314-macosx_11_0_arm64.whl", hash = "sha256:081aac1acb4ab449f8ea7d4e5ea268227295503e1287f56f0b56c7fc3452da1e", size = 1473359, upload-time = "2025-08-27T13:40:36.991Z" },
    { url = "https://files.pythonhosted.org/packages/fe/e9/000792dff6ad6ccc52880bc21d29cf05fabef3004261039ba31965310130/rapidfuzz-3.14.0-cp314-cp314-manylinux_2_26_aarch64.manylinux_2_28_aarch64.whl", hash = "sha256:3e0209c6ef7f2c732e10ce4fccafcf7d9e79eb8660a81179aa307c7bd09fafcd", size = 1469241, upload-time = "2025-08-27T13:40:38.82Z" },
    { url = "https://files.pythonhosted.org/packages/6e/5d/1556dc5fbd91d4c27708272692361970d167f8142642052c8e874fcfd9a9/rapidfuzz-3.14.0-cp314-cp314-manylinux_2_26_ppc64le.manylinux_2_28_ppc64le.whl", hash = "sha256:6e4610997e9de08395e8632b605488a9efc859fe0516b6993b3925f3057f9da7", size = 1779910, upload-time = "2025-08-27T13:40:40.598Z" },
    { url = "https://files.pythonhosted.org/packages/52/fb/6c11600aa5eec998c27c53a617820bb3cdfa0603c164b9e8028f7e715b9e/rapidfuzz-3.14.0-cp314-cp314-manylinux_2_26_s390x.manylinux_2_28_s390x.whl", hash = "sha256:efd0095cde6d0179c92c997ede4b85158bf3c7386043e2fadbee291018b29300", size = 2340555, upload-time = "2025-08-27T13:40:42.641Z" },
    { url = "https://files.pythonhosted.org/packages/62/46/63746cb12724ea819ee469f2aed4c4c0be4a5bbb2f9174b29298a14def16/rapidfuzz-3.14.0-cp314-cp314-manylinux_2_27_x86_64.manylinux_2_28_x86_64.whl", hash = "sha256:0a141c07f9e97c45e67aeed677bac92c08f228c556a80750ea3e191e82d54034", size = 3295540, upload-time = "2025-08-27T13:40:45.721Z" },
    { url = "https://files.pythonhosted.org/packages/33/23/1be0841eed0f196772f2d4fd7b21cfa73501ce96b44125726c4c739df5ae/rapidfuzz-3.14.0-cp314-cp314-manylinux_2_31_armv7l.whl", hash = "sha256:5a9de40fa6be7809fd2579c8020b9edaf6f50ffc43082b14e95ad3928a254f22", size = 1318384, upload-time = "2025-08-27T13:40:47.814Z" },
    { url = "https://files.pythonhosted.org/packages/0d/aa/457c11d0495ab75de7a9b5b61bce041f5dd5a9c39d2d297a73be124518fd/rapidfuzz-3.14.0-cp314-cp314-musllinux_1_2_aarch64.whl", hash = "sha256:20f510dae17bad8f4909ab32b40617f964af55131e630de7ebc0ffa7f00fe634", size = 2487028, upload-time = "2025-08-27T13:40:49.784Z" },
    { url = "https://files.pythonhosted.org/packages/73/fc/d8e4b7163064019de5f4c8c3e4af95331208c67738c024214f408b480018/rapidfuzz-3.14.0-cp314-cp314-musllinux_1_2_armv7l.whl", hash = "sha256:79c3fd17a432c3f74de94782d7139f9a22e948cec31659a1a05d67b5c0f4290e", size = 2622505, upload-time = "2025-08-27T13:40:52.077Z" },
    { url = "https://files.pythonhosted.org/packages/27/91/0cb2cdbc4b223187e6269002ad73f49f6312844ecbdcd061c2770cf01539/rapidfuzz-3.14.0-cp314-cp314-musllinux_1_2_ppc64le.whl", hash = "sha256:8cde9ffb86ea33d67cce9b26b513a177038be48ee2eb4d856cc60a75cb698db7", size = 2898844, upload-time = "2025-08-27T13:40:54.285Z" },
    { url = "https://files.pythonhosted.org/packages/d8/73/dc997aaa88d6850938c73bda3f6185d77800bc04a26c084a3a3b95e139ed/rapidfuzz-3.14.0-cp314-cp314-musllinux_1_2_s390x.whl", hash = "sha256:cafb657c8f2959761bca40c0da66f29d111e2c40d91f8ed4a75cc486c99b33ae", size = 3419941, upload-time = "2025-08-27T13:40:56.35Z" },
    { url = "https://files.pythonhosted.org/packages/fb/c0/b02d5bd8effd7dedb2c65cbdd85579ba42b21fb9579f833bca9252f2fe02/rapidfuzz-3.14.0-cp314-cp314-musllinux_1_2_x86_64.whl", hash = "sha256:4d80a9f673c534800d73f164ed59620e2ba820ed3840abb67c56022ad043564b", size = 4408912, upload-time = "2025-08-27T13:40:58.465Z" },
    { url = "https://files.pythonhosted.org/packages/b0/38/68f0f8a03fde87a8905a029a0dcdb716a2faf15c8e8895ef4a7f26b085e6/rapidfuzz-3.14.0-cp314-cp314-win32.whl", hash = "sha256:da9878a01357c7906fb16359b3622ce256933a3286058ee503358859e1442f68", size = 1862571, upload-time = "2025-08-27T13:41:00.581Z" },
    { url = "https://files.pythonhosted.org/packages/43/5e/98ba43b2660c83b683221706f1cca1409c99eafd458e028142ef32d21baa/rapidfuzz-3.14.0-cp314-cp314-win_amd64.whl", hash = "sha256:09af941076ef18f6c2b35acfd5004c60d03414414058e98ece6ca9096f454870", size = 1706951, upload-time = "2025-08-27T13:41:02.63Z" },
    { url = "https://files.pythonhosted.org/packages/65/eb/60ac6b461dc71be3405ce469e7aee56adbe121666ed5326dce6bd579fa52/rapidfuzz-3.14.0-cp314-cp314-win_arm64.whl", hash = "sha256:1a878eb065ce6061038dd1c0b9e8eb7477f7d05d5c5161a1d2a5fa630818f938", size = 912456, upload-time = "2025-08-27T13:41:04.971Z" },
    { url = "https://files.pythonhosted.org/packages/00/7f/a4325050d6cfb89c2fde4fe6e918820b941c3dc0cbbd08b697b66d9e0a06/rapidfuzz-3.14.0-cp314-cp314t-macosx_10_13_x86_64.whl", hash = "sha256:33ce0326e6feb0d2207a7ca866a5aa6a2ac2361f1ca43ca32aca505268c18ec9", size = 2041108, upload-time = "2025-08-27T13:41:06.953Z" },
    { url = "https://files.pythonhosted.org/packages/c9/77/b4965b3a8ec7b30515bc184a95c75ae9406c95ad0cfa61f32bee366e1859/rapidfuzz-3.14.0-cp314-cp314t-macosx_11_0_arm64.whl", hash = "sha256:e8056d10e99dedf110e929fdff4de6272057115b28eeef4fb6f0d99fd73c026f", size = 1501577, upload-time = "2025-08-27T13:41:08.963Z" },
    { url = "https://files.pythonhosted.org/packages/4a/5e/0886bd2f525d6e5011378b8eb51a29137df3dec55fafa39ffb77823771bf/rapidfuzz-3.14.0-cp314-cp314t-win32.whl", hash = "sha256:ddde238b7076e49c2c21a477ee4b67143e1beaf7a3185388fe0b852e64c6ef52", size = 1925406, upload-time = "2025-08-27T13:41:11.207Z" },
    { url = "https://files.pythonhosted.org/packages/2a/56/8ddf6d8cf4b7e04c49861a38b791b4f0d5b3f1270ff3ade1aabdf6b19b7a/rapidfuzz-3.14.0-cp314-cp314t-win_amd64.whl", hash = "sha256:ef24464be04a7da1adea741376ddd2b092e0de53c9b500fd3c2e38e071295c9e", size = 1751584, upload-time = "2025-08-27T13:41:13.628Z" },
    { url = "https://files.pythonhosted.org/packages/b0/0c/825f6055e49d7ee943be95ca0d62bb6e5fbfd7b7c30bbfca7d00ac5670e7/rapidfuzz-3.14.0-cp314-cp314t-win_arm64.whl", hash = "sha256:fd4a27654f51bed3518bc5bbf166627caf3ddd858b12485380685777421f8933", size = 936661, upload-time = "2025-08-27T13:41:15.566Z" },
]
